lockfileVersion: '6.0'

settings:
  autoInstallPeers: true
  excludeLinksFromLockfile: false

importers:

  .:
    devDependencies:
      prettier:
        specifier: ^3.2.5
        version: 3.3.3
      turbo:
        specifier: ^2.1.1
        version: 2.1.1
      typescript:
        specifier: ^5.4.5
        version: 5.5.4

  apps/host:
    dependencies:
      react:
        specifier: ^18.3.1
        version: 18.3.1
      react-dom:
        specifier: ^18.3.1
        version: 18.3.1(react@18.3.1)
    devDependencies:
      '@biomejs/biome':
        specifier: ^1.8.3
        version: 1.8.3
      '@rsbuild/core':
        specifier: 1.0.1-rc.0
        version: 1.0.1-rc.0
      '@rsbuild/plugin-react':
        specifier: 1.0.1-rc.0
        version: 1.0.1-rc.0(@rsbuild/core@1.0.1-rc.0)
      '@types/react':
        specifier: ^18.3.4
        version: 18.3.5
      '@types/react-dom':
        specifier: ^18.3.0
        version: 18.3.0
      typescript:
        specifier: ^5.5.2
        version: 5.5.4

  apps/remote:
    dependencies:
      react:
        specifier: ^18.3.1
        version: 18.3.1
      react-dom:
        specifier: ^18.3.1
        version: 18.3.1(react@18.3.1)
    devDependencies:
      '@biomejs/biome':
        specifier: ^1.8.3
        version: 1.8.3
      '@rsbuild/core':
        specifier: 1.0.1-rc.0
        version: 1.0.1-rc.0
      '@rsbuild/plugin-react':
        specifier: 1.0.1-rc.0
        version: 1.0.1-rc.0(@rsbuild/core@1.0.1-rc.0)
      '@types/react':
        specifier: ^18.3.4
        version: 18.3.5
      '@types/react-dom':
        specifier: ^18.3.0
        version: 18.3.0
      typescript:
        specifier: ^5.5.2
        version: 5.5.4

packages:

  /@biomejs/biome@1.8.3:
    resolution: {integrity: sha512-/uUV3MV+vyAczO+vKrPdOW0Iaet7UnJMU4bNMinggGJTAnBPjCoLEYcyYtYHNnUNYlv4xZMH6hVIQCAozq8d5w==}
    engines: {node: '>=14.21.3'}
    hasBin: true
    requiresBuild: true
    optionalDependencies:
      '@biomejs/cli-darwin-arm64': 1.8.3
      '@biomejs/cli-darwin-x64': 1.8.3
      '@biomejs/cli-linux-arm64': 1.8.3
      '@biomejs/cli-linux-arm64-musl': 1.8.3
      '@biomejs/cli-linux-x64': 1.8.3
      '@biomejs/cli-linux-x64-musl': 1.8.3
      '@biomejs/cli-win32-arm64': 1.8.3
      '@biomejs/cli-win32-x64': 1.8.3
    dev: true

  /@biomejs/cli-darwin-arm64@1.8.3:
    resolution: {integrity: sha512-9DYOjclFpKrH/m1Oz75SSExR8VKvNSSsLnVIqdnKexj6NwmiMlKk94Wa1kZEdv6MCOHGHgyyoV57Cw8WzL5n3A==}
    engines: {node: '>=14.21.3'}
    cpu: [arm64]
    os: [darwin]
    requiresBuild: true
    dev: true
    optional: true

  /@biomejs/cli-darwin-x64@1.8.3:
    resolution: {integrity: sha512-UeW44L/AtbmOF7KXLCoM+9PSgPo0IDcyEUfIoOXYeANaNXXf9mLUwV1GeF2OWjyic5zj6CnAJ9uzk2LT3v/wAw==}
    engines: {node: '>=14.21.3'}
    cpu: [x64]
    os: [darwin]
    requiresBuild: true
    dev: true
    optional: true

  /@biomejs/cli-linux-arm64-musl@1.8.3:
    resolution: {integrity: sha512-9yjUfOFN7wrYsXt/T/gEWfvVxKlnh3yBpnScw98IF+oOeCYb5/b/+K7YNqKROV2i1DlMjg9g/EcN9wvj+NkMuQ==}
    engines: {node: '>=14.21.3'}
    cpu: [arm64]
    os: [linux]
    requiresBuild: true
    dev: true
    optional: true

  /@biomejs/cli-linux-arm64@1.8.3:
    resolution: {integrity: sha512-fed2ji8s+I/m8upWpTJGanqiJ0rnlHOK3DdxsyVLZQ8ClY6qLuPc9uehCREBifRJLl/iJyQpHIRufLDeotsPtw==}
    engines: {node: '>=14.21.3'}
    cpu: [arm64]
    os: [linux]
    requiresBuild: true
    dev: true
    optional: true

  /@biomejs/cli-linux-x64-musl@1.8.3:
    resolution: {integrity: sha512-UHrGJX7PrKMKzPGoEsooKC9jXJMa28TUSMjcIlbDnIO4EAavCoVmNQaIuUSH0Ls2mpGMwUIf+aZJv657zfWWjA==}
    engines: {node: '>=14.21.3'}
    cpu: [x64]
    os: [linux]
    requiresBuild: true
    dev: true
    optional: true

  /@biomejs/cli-linux-x64@1.8.3:
    resolution: {integrity: sha512-I8G2QmuE1teISyT8ie1HXsjFRz9L1m5n83U1O6m30Kw+kPMPSKjag6QGUn+sXT8V+XWIZxFFBoTDEDZW2KPDDw==}
    engines: {node: '>=14.21.3'}
    cpu: [x64]
    os: [linux]
    requiresBuild: true
    dev: true
    optional: true

  /@biomejs/cli-win32-arm64@1.8.3:
    resolution: {integrity: sha512-J+Hu9WvrBevfy06eU1Na0lpc7uR9tibm9maHynLIoAjLZpQU3IW+OKHUtyL8p6/3pT2Ju5t5emReeIS2SAxhkQ==}
    engines: {node: '>=14.21.3'}
    cpu: [arm64]
    os: [win32]
    requiresBuild: true
    dev: true
    optional: true

  /@biomejs/cli-win32-x64@1.8.3:
    resolution: {integrity: sha512-/PJ59vA1pnQeKahemaQf4Nyj7IKUvGQSc3Ze1uIGi+Wvr1xF7rGobSrAAG01T/gUDG21vkDsZYM03NAmPiVkqg==}
    engines: {node: '>=14.21.3'}
    cpu: [x64]
    os: [win32]
    requiresBuild: true
    dev: true
    optional: true

  /@module-federation/runtime-tools@0.5.1:
    resolution: {integrity: sha512-nfBedkoZ3/SWyO0hnmaxuz0R0iGPSikHZOAZ0N/dVSQaIzlffUo35B5nlC2wgWIc0JdMZfkwkjZRrnuuDIJbzg==}
    dependencies:
      '@module-federation/runtime': 0.5.1
      '@module-federation/webpack-bundler-runtime': 0.5.1
    dev: true

  /@module-federation/runtime@0.5.1:
    resolution: {integrity: sha512-xgiMUWwGLWDrvZc9JibuEbXIbhXg6z2oUkemogSvQ4LKvrl/n0kbqP1Blk669mXzyWbqtSp6PpvNdwaE1aN5xQ==}
    dependencies:
      '@module-federation/sdk': 0.5.1
    dev: true

  /@module-federation/sdk@0.5.1:
    resolution: {integrity: sha512-exvchtjNURJJkpqjQ3/opdbfeT2wPKvrbnGnyRkrwW5o3FH1LaST1tkiNviT6OXTexGaVc2DahbdniQHVtQ7pA==}
    dev: true

  /@module-federation/webpack-bundler-runtime@0.5.1:
    resolution: {integrity: sha512-mMhRFH0k2VjwHt3Jol9JkUsmI/4XlrAoBG3E0o7HoyoPYv1UFOWyqAflfANcUPgbYpvqmyLzDcO+3IT36LXnrA==}
    dependencies:
      '@module-federation/runtime': 0.5.1
      '@module-federation/sdk': 0.5.1
    dev: true

  /@rsbuild/core@1.0.1-rc.0:
    resolution: {integrity: sha512-tSszHL2sp/iNZkYMOOorgBonh4XAIfJODlt6JBTg5PMAywm+XXdFoEglaKeAM6WiQ/0rQYOataKrHbMkfxmh/A==}
    engines: {node: '>=16.7.0'}
    hasBin: true
    dependencies:
      '@rspack/core': 1.0.0(@swc/helpers@0.5.12)
      '@rspack/lite-tapable': 1.0.0
      '@swc/helpers': 0.5.12
      caniuse-lite: 1.0.30001655
      core-js: 3.38.1
    optionalDependencies:
      fsevents: 2.3.3
    dev: true

  /@rsbuild/plugin-react@1.0.1-rc.0(@rsbuild/core@1.0.1-rc.0):
    resolution: {integrity: sha512-bjKRNdihb3LoWW74Ri2lBQqrTaksIpGx9/mp/RiRpVUGzX+9/SDlXWvrnWdndKPm7UYfY3VBCZNT2zJRi0CCKg==}
    peerDependencies:
      '@rsbuild/core': ^1.0.1-rc.0
    dependencies:
      '@rsbuild/core': 1.0.1-rc.0
      '@rspack/plugin-react-refresh': 1.0.0(react-refresh@0.14.2)
      react-refresh: 0.14.2
    dev: true

  /@rspack/binding-darwin-arm64@1.0.0:
    resolution: {integrity: sha512-ZHQk9YK+swlTG48kJTgzFUW9T26KjhLXRok5la7t2AMoiuHyhGHHgC5iQfPJLZ62XzcJ/rfqs2rwakl97151jQ==}
    cpu: [arm64]
    os: [darwin]
    requiresBuild: true
    dev: true
    optional: true

  /@rspack/binding-darwin-x64@1.0.0:
    resolution: {integrity: sha512-qhTXm9wUhv2lBjsqqfCu59RchH1/2jursdPAmTqGc7zMReZdZvtJs2Ri6Ma1M48BLLu+7fS4fbL8Rw1g78TOOQ==}
    cpu: [x64]
    os: [darwin]
    requiresBuild: true
    dev: true
    optional: true

  /@rspack/binding-linux-arm64-gnu@1.0.0:
    resolution: {integrity: sha512-yKnlsWgvydJRxDBGGKC+cyDeoSzIvOzuVqCloy5oAFAGOMXMY6bznxrkE6/olGZncdeLEpnJzZmXSuF1dYc8ow==}
    cpu: [arm64]
    os: [linux]
    requiresBuild: true
    dev: true
    optional: true

  /@rspack/binding-linux-arm64-musl@1.0.0:
    resolution: {integrity: sha512-dKFmlqlF4FELT/AX02hSwX8aRawjH5zAliQzYnvgrqcEyCKE60vKacGJQ3ZeRyru6dh5MlbUNW4H1+TDT+cDVA==}
    cpu: [arm64]
    os: [linux]
    requiresBuild: true
    dev: true
    optional: true

  /@rspack/binding-linux-x64-gnu@1.0.0:
    resolution: {integrity: sha512-fRk9i8aE4FiwW7+LkNyw+5vfFzJ8BZ2seAL9V5U2iwYwYibzFJsukg3h3Uh+IsGm30/7+ZRENtGwybQiMruL4g==}
    cpu: [x64]
    os: [linux]
    requiresBuild: true
    dev: true
    optional: true

  /@rspack/binding-linux-x64-musl@1.0.0:
    resolution: {integrity: sha512-qcTJC8o3KvLwsnrJJcuBjfzSrjEbACMiCB4RtbFNecXDtI+Nputx1CO1SlUrINC25/44ILketf0/hsdBQHk60g==}
    cpu: [x64]
    os: [linux]
    requiresBuild: true
    dev: true
    optional: true

  /@rspack/binding-win32-arm64-msvc@1.0.0:
    resolution: {integrity: sha512-gqtakP0Yl2aj+Q/Giwgt31hz8eOZpo2s+sJlkMJGVdIF4dejB31a8vbj/VNGeSN1tDRiLI4cyqa5eQU//t26aQ==}
    cpu: [arm64]
    os: [win32]
    requiresBuild: true
    dev: true
    optional: true

  /@rspack/binding-win32-ia32-msvc@1.0.0:
    resolution: {integrity: sha512-nLfGu5DjdzwawzZ7zK69vZX5aL1Gt9+Ovfz4RlngDq/D5ZzqCnNWw93cqKADgFRWS4qK9vOD9RXNNnkyWB2SEw==}
    cpu: [ia32]
    os: [win32]
    requiresBuild: true
    dev: true
    optional: true

  /@rspack/binding-win32-x64-msvc@1.0.0:
    resolution: {integrity: sha512-H9PqjgtZMw5aP+eXdFo7bgSP/Ycwn3oW81uI9qFqOOQ90W+o3T9ItghHBf2/ksc5GHibd208EwOBNxbKwjZDSQ==}
    cpu: [x64]
    os: [win32]
    requiresBuild: true
    dev: true
    optional: true

  /@rspack/binding@1.0.0:
    resolution: {integrity: sha512-eLyqSEM1h/exJYn98k+9MRktP8AYDB13x5oVn8hoxVucuhk0TubFqQSX8h9SQcZp1O3j/Z8eWWwOaNPe3JU40Q==}
    optionalDependencies:
      '@rspack/binding-darwin-arm64': 1.0.0
      '@rspack/binding-darwin-x64': 1.0.0
      '@rspack/binding-linux-arm64-gnu': 1.0.0
      '@rspack/binding-linux-arm64-musl': 1.0.0
      '@rspack/binding-linux-x64-gnu': 1.0.0
      '@rspack/binding-linux-x64-musl': 1.0.0
      '@rspack/binding-win32-arm64-msvc': 1.0.0
      '@rspack/binding-win32-ia32-msvc': 1.0.0
      '@rspack/binding-win32-x64-msvc': 1.0.0
    dev: true

  /@rspack/core@1.0.0(@swc/helpers@0.5.12):
    resolution: {integrity: sha512-F4RA9uOLLvD1oTKa96Gcly+Sro1qaqPNENadFyiPwepa7DrwexQa/ym6CQKbvKMOYGKlVSFDPUmgFAirz35ETg==}
    engines: {node: '>=16.0.0'}
    peerDependencies:
      '@swc/helpers': '>=0.5.1'
    peerDependenciesMeta:
      '@swc/helpers':
        optional: true
    dependencies:
      '@module-federation/runtime-tools': 0.5.1
      '@rspack/binding': 1.0.0
      '@rspack/lite-tapable': 1.0.0
      '@swc/helpers': 0.5.12
      caniuse-lite: 1.0.30001655
    dev: true

  /@rspack/lite-tapable@1.0.0:
    resolution: {integrity: sha512-7MZf4lburSUZoEenwazwUDKHhqyfnLCGnQ/tKcUtztfmVzfjZfRn/EaiT0AKkYGnL2U8AGsw89oUeVyvaOLVCw==}
    engines: {node: '>=16.0.0'}
    dev: true

  /@rspack/plugin-react-refresh@1.0.0(react-refresh@0.14.2):
    resolution: {integrity: sha512-WvXkLewW5G0Mlo5H1b251yDh5FFiH4NDAbYlFpvFjcuXX2AchZRf9zdw57BDE/ADyWsJgA8kixN/zZWBTN3iYA==}
    peerDependencies:
      react-refresh: '>=0.10.0 <1.0.0'
    peerDependenciesMeta:
      react-refresh:
        optional: true
    dependencies:
      error-stack-parser: 2.1.4
      html-entities: 2.5.2
      react-refresh: 0.14.2
    dev: true

  /@swc/helpers@0.5.12:
    resolution: {integrity: sha512-KMZNXiGibsW9kvZAO1Pam2JPTDBm+KSHMMHWdsyI/1DbIZjT2A6Gy3hblVXUMEDvUAKq+e0vL0X0o54owWji7g==}
    dependencies:
      tslib: 2.7.0
    dev: true

  /@types/prop-types@15.7.12:
    resolution: {integrity: sha512-5zvhXYtRNRluoE/jAp4GVsSduVUzNWKkOZrCDBWYtE7biZywwdC2AcEzg+cSMLFRfVgeAFqpfNabiPjxFddV1Q==}
    dev: true

  /@types/react-dom@18.3.0:
    resolution: {integrity: sha512-EhwApuTmMBmXuFOikhQLIBUn6uFg81SwLMOAUgodJF14SOBOCMdU04gDoYi0WOJJHD144TL32z4yDqCW3dnkQg==}
    dependencies:
      '@types/react': 18.3.5
    dev: true

  /@types/react@18.3.5:
    resolution: {integrity: sha512-WeqMfGJLGuLCqHGYRGHxnKrXcTitc6L/nBUWfWPcTarG3t9PsquqUMuVeXZeca+mglY4Vo5GZjCi0A3Or2lnxA==}
    dependencies:
      '@types/prop-types': 15.7.12
      csstype: 3.1.3
    dev: true

  /caniuse-lite@1.0.30001655:
    resolution: {integrity: sha512-jRGVy3iSGO5Uutn2owlb5gR6qsGngTw9ZTb4ali9f3glshcNmJ2noam4Mo9zia5P9Dk3jNNydy7vQjuE5dQmfg==}
    dev: true

  /core-js@3.38.1:
    resolution: {integrity: sha512-OP35aUorbU3Zvlx7pjsFdu1rGNnD4pgw/CWoYzRY3t2EzoVT7shKHY1dlAy3f41cGIO7ZDPQimhGFTlEYkG/Hw==}
    requiresBuild: true
    dev: true

  /csstype@3.1.3:
    resolution: {integrity: sha512-M1uQkMl8rQK/szD0LNhtqxIPLpimGm8sOBwU7lLnCpSbTyY3yeU1Vc7l4KT5zT4s/yOxHH5O7tIuuLOCnLADRw==}
    dev: true

  /error-stack-parser@2.1.4:
    resolution: {integrity: sha512-Sk5V6wVazPhq5MhpO+AUxJn5x7XSXGl1R93Vn7i+zS15KDVxQijejNCrz8340/2bgLBjR9GtEG8ZVKONDjcqGQ==}
    dependencies:
      stackframe: 1.3.4
    dev: true

  /fsevents@2.3.3:
    resolution: {integrity: sha512-5xoDfX+fL7faATnagmWPpbFtwh/R77WmMMqqHGS65C3vvB0YHrgF+B1YmZ3441tMj5n63k0212XNoJwzlhffQw==}
    engines: {node: ^8.16.0 || ^10.6.0 || >=11.0.0}
    os: [darwin]
    requiresBuild: true
    dev: true
    optional: true

  /html-entities@2.5.2:
    resolution: {integrity: sha512-K//PSRMQk4FZ78Kyau+mZurHn3FH0Vwr+H36eE0rPbeYkRRi9YxceYPhuN60UwWorxyKHhqoAJl2OFKa4BVtaA==}
    dev: true

  /js-tokens@4.0.0:
    resolution: {integrity: sha512-RdJUflcE3cUzKiMqQgsCu06FPu9UdIJO0beYbPhHN4k6apgJtifcoCtT9bcxOpYBtpD2kCM6Sbzg4CausW/PKQ==}
    dev: false

  /loose-envify@1.4.0:
    resolution: {integrity: sha512-lyuxPGr/Wfhrlem2CL/UcnUc1zcqKAImBDzukY7Y5F/yQiNdko6+fRLevlw1HgMySw7f611UIY408EtxRSoK3Q==}
    hasBin: true
    dependencies:
      js-tokens: 4.0.0
    dev: false

  /prettier@3.3.3:
    resolution: {integrity: sha512-i2tDNA0O5IrMO757lfrdQZCc2jPNDVntV0m/+4whiDfWaTKfMNgR7Qz0NAeGz/nRqF4m5/6CLzbP4/liHt12Ew==}
    engines: {node: '>=14'}
    hasBin: true
    dev: true

  /react-dom@18.3.1(react@18.3.1):
    resolution: {integrity: sha512-5m4nQKp+rZRb09LNH59GM4BxTh9251/ylbKIbpe7TpGxfJ+9kv6BLkLBXIjjspbgbnIBNqlI23tRnTWT0snUIw==}
    peerDependencies:
      react: ^18.3.1
    dependencies:
      loose-envify: 1.4.0
      react: 18.3.1
      scheduler: 0.23.2
    dev: false

  /react-refresh@0.14.2:
    resolution: {integrity: sha512-jCvmsr+1IUSMUyzOkRcvnVbX3ZYC6g9TDrDbFuFmRDq7PD4yaGbLKNQL6k2jnArV8hjYxh7hVhAZB6s9HDGpZA==}
    engines: {node: '>=0.10.0'}
    dev: true

  /react@18.3.1:
    resolution: {integrity: sha512-wS+hAgJShR0KhEvPJArfuPVN1+Hz1t0Y6n5jLrGQbkb4urgPE/0Rve+1kMB1v/oWgHgm4WIcV+i7F2pTVj+2iQ==}
    engines: {node: '>=0.10.0'}
    dependencies:
      loose-envify: 1.4.0
    dev: false

  /scheduler@0.23.2:
    resolution: {integrity: sha512-UOShsPwz7NrMUqhR6t0hWjFduvOzbtv7toDH1/hIrfRNIDBnnBWd0CwJTGvTpngVlmwGCdP9/Zl/tVrDqcuYzQ==}
    dependencies:
      loose-envify: 1.4.0
    dev: false

  /stackframe@1.3.4:
    resolution: {integrity: sha512-oeVtt7eWQS+Na6F//S4kJ2K2VbRlS9D43mAlMyVpVWovy9o+jfgH8O9agzANzaiLjclA0oYzUXEM4PurhSUChw==}
    dev: true

  /tslib@2.7.0:
    resolution: {integrity: sha512-gLXCKdN1/j47AiHiOkJN69hJmcbGTHI0ImLmbYLHykhgeN0jVGola9yVjFgzCUklsZQMW55o+dW7IXv3RCXDzA==}
    dev: true

  /turbo-darwin-64@2.1.1:
    resolution: {integrity: sha512-aYNuJpZlCoi0Htd79fl/2DywpewGKijdXeOfg9KzNuPVKzSMYlAXuAlNGh0MKjiOcyqxQGL7Mq9LFhwA0VpDpQ==}
    cpu: [x64]
    os: [darwin]
    requiresBuild: true
    dev: true
    optional: true

  /turbo-darwin-arm64@2.1.1:
    resolution: {integrity: sha512-tifJKD8yHY48rHXPMcM8o1jI/Jk2KCaXiNjTKvvy9Zsim61BZksNVLelIbrRoCGwAN6PUBZO2lGU5iL/TQJ5Pw==}
    cpu: [arm64]
    os: [darwin]
    requiresBuild: true
    dev: true
    optional: true

  /turbo-linux-64@2.1.1:
    resolution: {integrity: sha512-Js6d/bSQe9DuV9c7ITXYpsU/ADzFHABdz1UIHa7Oqjj9VOEbFeA9WpAn0c+mdJrVD+IXJFbbDZUjN7VYssmtcg==}
    cpu: [x64]
    os: [linux]
    requiresBuild: true
    dev: true
    optional: true

  /turbo-linux-arm64@2.1.1:
    resolution: {integrity: sha512-LidzTCq0yvQ+N8w8Qub9FmhQ/mmEIeoqFi7DSupekEV2EjvE9jw/zYc9Pk67X+g7dHVfgOnvVzmrjChdxpFePw==}
    cpu: [arm64]
    os: [linux]
    requiresBuild: true
    dev: true
    optional: true

  /turbo-windows-64@2.1.1:
    resolution: {integrity: sha512-GKc9ZywKwy4xLDhwXd6H07yzl0TB52HjXMrFLyHGhCVnf/w0oq4sLJv2sjbvuarPjsyx4xnCBJ3m3oyL2XmFtA==}
    cpu: [x64]
    os: [win32]
    requiresBuild: true
    dev: true
    optional: true

  /turbo-windows-arm64@2.1.1:
    resolution: {integrity: sha512-oFKkMj11KKUv3xSK9/fhAEQTxLUp1Ol1EOktwc32+SFtEU0uls7kosAz0b+qe8k3pJGEMFdDPdqoEjyJidbxtQ==}
    cpu: [arm64]
    os: [win32]
    requiresBuild: true
    dev: true
    optional: true

  /turbo@2.1.1:
    resolution: {integrity: sha512-u9gUDkmR9dFS8b5kAYqIETK4OnzsS4l2ragJ0+soSMHh6VEeNHjTfSjk1tKxCqLyziCrPogadxP680J+v6yGHw==}
    hasBin: true
    optionalDependencies:
      turbo-darwin-64: 2.1.1
      turbo-darwin-arm64: 2.1.1
      turbo-linux-64: 2.1.1
      turbo-linux-arm64: 2.1.1
      turbo-windows-64: 2.1.1
      turbo-windows-arm64: 2.1.1
    dev: true

  /typescript@5.5.4:
    resolution: {integrity: sha512-Mtq29sKDAEYP7aljRgtPOpTvOfbwRWlS6dPRzwjdE+C0R4brX/GUyhHSecbHMFLNBLcJIPt9nl9yG5TZ1weH+Q==}
    engines: {node: '>=14.17'}
    hasBin: true
    dev: true
